
Microsoft Visual Studio Solution File, Format Version 12.00
# Visual Studio Version 17
VisualStudioVersion = 17.3.32929.385
MinimumVisualStudioVersion = 10.0.40219.1
Project("{2150E333-8FDC-42A3-9474-1A3956D46DE8}") = "ShopManagement", "ShopManagement", "{8AF76C5B-A5E0-4332-8720-5580224B4513}"
EndProject
Project("{2150E333-8FDC-42A3-9474-1A3956D46DE8}") = "SM.Domain", "SM.Domain", "{2F88C464-2D1C-4825-9A8A-D83A19014514}"
EndProject
Project("{9A19103F-16F7-4668-BE54-9A1E7A4F7556}") = "ShopManagement.Domain", "ShopManagement.Domain\ShopManagement.Domain.csproj", "{680B1647-795B-4C4F-B63F-58CD5E4C78B7}"
EndProject
Project("{9A19103F-16F7-4668-BE54-9A1E7A4F7556}") = "00_Framework", "0-Framework\00_Framework.csproj", "{F7C6CBC2-C4AA-433B-906A-0D423C648941}"
EndProject
Project("{2150E333-8FDC-42A3-9474-1A3956D46DE8}") = "SM.Application", "SM.Application", "{F87E07B5-F3FC-4AE8-820F-469CDEF764BF}"
EndProject
Project("{9A19103F-16F7-4668-BE54-9A1E7A4F7556}") = "ShopManagement.Application.Contracts", "ShopManagement.Application.Contracts\ShopManagement.Application.Contracts.csproj", "{2C1B93A7-8D1E-4EC2-B7CB-AC3375753003}"
EndProject
Project("{9A19103F-16F7-4668-BE54-9A1E7A4F7556}") = "ShopManagement.Application", "ShopManagement.Application\ShopManagement.Application.csproj", "{0CA35750-DDAC-4013-8868-C8C13E86BAC8}"
EndProject
Project("{2150E333-8FDC-42A3-9474-1A3956D46DE8}") = "SM.Infrastructure", "SM.Infrastructure", "{C478DA9E-8D90-4C63-9B62-D7787A7336B4}"
EndProject
Project("{9A19103F-16F7-4668-BE54-9A1E7A4F7556}") = "ShopManagement.Infrastructure.EFCore", "ShopManagement.Infrastructure.EFCore\ShopManagement.Infrastructure.EFCore.csproj", "{7E91AEB9-FB09-4D53-803B-AE93CC2664E1}"
EndProject
Project("{9A19103F-16F7-4668-BE54-9A1E7A4F7556}") = "ShopManagement.Configuration", "ShopManagement.Configuration\ShopManagement.Configuration.csproj", "{23ADA66D-73BE-4F05-89DD-52EB97AFCB8C}"
EndProject
Project("{9A19103F-16F7-4668-BE54-9A1E7A4F7556}") = "ServiceHost", "ServiceHost\ServiceHost.csproj", "{BBB09F9E-87FB-4666-80FB-F1734612147E}"
EndProject
Project("{9A19103F-16F7-4668-BE54-9A1E7A4F7556}") = "01_ShopQuery", "01_ShopQuery\01_ShopQuery.csproj", "{0749B69F-FAF4-4FE3-81F4-E76F34A209B9}"
EndProject
Project("{2150E333-8FDC-42A3-9474-1A3956D46DE8}") = "DiscountManagement", "DiscountManagement", "{75E5E9C9-CA22-4715-B102-C9856AE4C3F1}"
EndProject
Project("{2150E333-8FDC-42A3-9474-1A3956D46DE8}") = "DM.Domain", "DM.Domain", "{EEE8BC1E-71DA-43A7-8781-84B1B586CF29}"
EndProject
Project("{9A19103F-16F7-4668-BE54-9A1E7A4F7556}") = "DiscountManagement.Domain", "DiscountManagement.Domain\DiscountManagement.Domain.csproj", "{39AE4F3A-EC61-4AAD-83A8-E73B69AAA4A4}"
EndProject
Project("{2150E333-8FDC-42A3-9474-1A3956D46DE8}") = "DM.Application", "DM.Application", "{6480ED43-9971-4141-AF6F-146269A859A2}"
EndProject
Project("{9A19103F-16F7-4668-BE54-9A1E7A4F7556}") = "DiscountManagement.Application.Contract", "DiscountManagement.Application.Contract\DiscountManagement.Application.Contract.csproj", "{7896C77C-BB11-457E-9C8F-524FEC39DF23}"
EndProject
Project("{9A19103F-16F7-4668-BE54-9A1E7A4F7556}") = "DiscountManagement.Application", "DiscountManagement.Application\DiscountManagement.Application.csproj", "{9229EA92-BF7E-48E6-83BD-3EFD755CDF8C}"
EndProject
Project("{2150E333-8FDC-42A3-9474-1A3956D46DE8}") = "DM.Infrastructure", "DM.Infrastructure", "{1EEAEB82-71B4-4E4E-ADC7-AADC358DCF01}"
EndProject
Project("{9A19103F-16F7-4668-BE54-9A1E7A4F7556}") = "DiscountManagement.Infrastructure.EFCore", "DiscountManagement.Infrastructure.EFCore\DiscountManagement.Infrastructure.EFCore.csproj", "{1D9285E7-1986-4E2D-AF0B-0C8F25E53F10}"
EndProject
Project("{9A19103F-16F7-4668-BE54-9A1E7A4F7556}") = "DiscountManagement.Configuration", "DiscountManagement.Configuration\DiscountManagement.Configuration.csproj", "{9EAA8C9B-D436-4DA6-A55C-77B5A2515C9D}"
EndProject
Project("{2150E333-8FDC-42A3-9474-1A3956D46DE8}") = "InventoryManagement", "InventoryManagement", "{69EEED64-FE9A-4702-BBF0-ADC0C6CF35D8}"
EndProject
Project("{2150E333-8FDC-42A3-9474-1A3956D46DE8}") = "IM.Domain", "IM.Domain", "{8712D04B-B087-48BF-93FA-7F702F0AF2F2}"
EndProject
Project("{FAE04EC0-301F-11D3-BF4B-00C04F79EFBC}") = "Inventorymanagement.Domain", "Inventorymanagement.Domain\Inventorymanagement.Domain.csproj", "{34C66752-51D5-4FE0-A844-C562B99A7768}"
EndProject
Global
	GlobalSection(SolutionConfigurationPlatforms) = preSolution
		Debug|Any CPU = Debug|Any CPU
		Release|Any CPU = Release|Any CPU
	EndGlobalSection
	GlobalSection(ProjectConfigurationPlatforms) = postSolution
		{680B1647-795B-4C4F-B63F-58CD5E4C78B7}.Debug|Any CPU.ActiveCfg = Debug|Any CPU
		{680B1647-795B-4C4F-B63F-58CD5E4C78B7}.Debug|Any CPU.Build.0 = Debug|Any CPU
		{680B1647-795B-4C4F-B63F-58CD5E4C78B7}.Release|Any CPU.ActiveCfg = Release|Any CPU
		{680B1647-795B-4C4F-B63F-58CD5E4C78B7}.Release|Any CPU.Build.0 = Release|Any CPU
		{F7C6CBC2-C4AA-433B-906A-0D423C648941}.Debug|Any CPU.ActiveCfg = Debug|Any CPU
		{F7C6CBC2-C4AA-433B-906A-0D423C648941}.Debug|Any CPU.Build.0 = Debug|Any CPU
		{F7C6CBC2-C4AA-433B-906A-0D423C648941}.Release|Any CPU.ActiveCfg = Release|Any CPU
		{F7C6CBC2-C4AA-433B-906A-0D423C648941}.Release|Any CPU.Build.0 = Release|Any CPU
		{2C1B93A7-8D1E-4EC2-B7CB-AC3375753003}.Debug|Any CPU.ActiveCfg = Debug|Any CPU
		{2C1B93A7-8D1E-4EC2-B7CB-AC3375753003}.Debug|Any CPU.Build.0 = Debug|Any CPU
		{2C1B93A7-8D1E-4EC2-B7CB-AC3375753003}.Release|Any CPU.ActiveCfg = Release|Any CPU
		{2C1B93A7-8D1E-4EC2-B7CB-AC3375753003}.Release|Any CPU.Build.0 = Release|Any CPU
		{0CA35750-DDAC-4013-8868-C8C13E86BAC8}.Debug|Any CPU.ActiveCfg = Debug|Any CPU
		{0CA35750-DDAC-4013-8868-C8C13E86BAC8}.Debug|Any CPU.Build.0 = Debug|Any CPU
		{0CA35750-DDAC-4013-8868-C8C13E86BAC8}.Release|Any CPU.ActiveCfg = Release|Any CPU
		{0CA35750-DDAC-4013-8868-C8C13E86BAC8}.Release|Any CPU.Build.0 = Release|Any CPU
		{7E91AEB9-FB09-4D53-803B-AE93CC2664E1}.Debug|Any CPU.ActiveCfg = Debug|Any CPU
		{7E91AEB9-FB09-4D53-803B-AE93CC2664E1}.Debug|Any CPU.Build.0 = Debug|Any CPU
		{7E91AEB9-FB09-4D53-803B-AE93CC2664E1}.Release|Any CPU.ActiveCfg = Release|Any CPU
		{7E91AEB9-FB09-4D53-803B-AE93CC2664E1}.Release|Any CPU.Build.0 = Release|Any CPU
		{23ADA66D-73BE-4F05-89DD-52EB97AFCB8C}.Debug|Any CPU.ActiveCfg = Debug|Any CPU
		{23ADA66D-73BE-4F05-89DD-52EB97AFCB8C}.Debug|Any CPU.Build.0 = Debug|Any CPU
		{23ADA66D-73BE-4F05-89DD-52EB97AFCB8C}.Release|Any CPU.ActiveCfg = Release|Any CPU
		{23ADA66D-73BE-4F05-89DD-52EB97AFCB8C}.Release|Any CPU.Build.0 = Release|Any CPU
		{BBB09F9E-87FB-4666-80FB-F1734612147E}.Debug|Any CPU.ActiveCfg = Debug|Any CPU
		{BBB09F9E-87FB-4666-80FB-F1734612147E}.Debug|Any CPU.Build.0 = Debug|Any CPU
		{BBB09F9E-87FB-4666-80FB-F1734612147E}.Release|Any CPU.ActiveCfg = Release|Any CPU
		{BBB09F9E-87FB-4666-80FB-F1734612147E}.Release|Any CPU.Build.0 = Release|Any CPU
		{0749B69F-FAF4-4FE3-81F4-E76F34A209B9}.Debug|Any CPU.ActiveCfg = Debug|Any CPU
		{0749B69F-FAF4-4FE3-81F4-E76F34A209B9}.Debug|Any CPU.Build.0 = Debug|Any CPU
		{0749B69F-FAF4-4FE3-81F4-E76F34A209B9}.Release|Any CPU.ActiveCfg = Release|Any CPU
		{0749B69F-FAF4-4FE3-81F4-E76F34A209B9}.Release|Any CPU.Build.0 = Release|Any CPU
		{39AE4F3A-EC61-4AAD-83A8-E73B69AAA4A4}.Debug|Any CPU.ActiveCfg = Debug|Any CPU
		{39AE4F3A-EC61-4AAD-83A8-E73B69AAA4A4}.Debug|Any CPU.Build.0 = Debug|Any CPU
		{39AE4F3A-EC61-4AAD-83A8-E73B69AAA4A4}.Release|Any CPU.ActiveCfg = Release|Any CPU
		{39AE4F3A-EC61-4AAD-83A8-E73B69AAA4A4}.Release|Any CPU.Build.0 = Release|Any CPU
		{7896C77C-BB11-457E-9C8F-524FEC39DF23}.Debug|Any CPU.ActiveCfg = Debug|Any CPU
		{7896C77C-BB11-457E-9C8F-524FEC39DF23}.Debug|Any CPU.Build.0 = Debug|Any CPU
		{7896C77C-BB11-457E-9C8F-524FEC39DF23}.Release|Any CPU.ActiveCfg = Release|Any CPU
		{7896C77C-BB11-457E-9C8F-524FEC39DF23}.Release|Any CPU.Build.0 = Release|Any CPU
		{9229EA92-BF7E-48E6-83BD-3EFD755CDF8C}.Debug|Any CPU.ActiveCfg = Debug|Any CPU
		{9229EA92-BF7E-48E6-83BD-3EFD755CDF8C}.Debug|Any CPU.Build.0 = Debug|Any CPU
		{9229EA92-BF7E-48E6-83BD-3EFD755CDF8C}.Release|Any CPU.ActiveCfg = Release|Any CPU
		{9229EA92-BF7E-48E6-83BD-3EFD755CDF8C}.Release|Any CPU.Build.0 = Release|Any CPU
		{1D9285E7-1986-4E2D-AF0B-0C8F25E53F10}.Debug|Any CPU.ActiveCfg = Debug|Any CPU
		{1D9285E7-1986-4E2D-AF0B-0C8F25E53F10}.Debug|Any CPU.Build.0 = Debug|Any CPU
		{1D9285E7-1986-4E2D-AF0B-0C8F25E53F10}.Release|Any CPU.ActiveCfg = Release|Any CPU
		{1D9285E7-1986-4E2D-AF0B-0C8F25E53F10}.Release|Any CPU.Build.0 = Release|Any CPU
		{9EAA8C9B-D436-4DA6-A55C-77B5A2515C9D}.Debug|Any CPU.ActiveCfg = Debug|Any CPU
		{9EAA8C9B-D436-4DA6-A55C-77B5A2515C9D}.Debug|Any CPU.Build.0 = Debug|Any CPU
		{9EAA8C9B-D436-4DA6-A55C-77B5A2515C9D}.Release|Any CPU.ActiveCfg = Release|Any CPU
		{9EAA8C9B-D436-4DA6-A55C-77B5A2515C9D}.Release|Any CPU.Build.0 = Release|Any CPU
		{34C66752-51D5-4FE0-A844-C562B99A7768}.Debug|Any CPU.ActiveCfg = Debug|Any CPU
		{34C66752-51D5-4FE0-A844-C562B99A7768}.Debug|Any CPU.Build.0 = Debug|Any CPU
		{34C66752-51D5-4FE0-A844-C562B99A7768}.Release|Any CPU.ActiveCfg = Release|Any CPU
		{34C66752-51D5-4FE0-A844-C562B99A7768}.Release|Any CPU.Build.0 = Release|Any CPU
	EndGlobalSection
	GlobalSection(SolutionProperties) = preSolution
		HideSolutionNode = FALSE
	EndGlobalSection
	GlobalSection(NestedProjects) = preSolution
		{2F88C464-2D1C-4825-9A8A-D83A19014514} = {8AF76C5B-A5E0-4332-8720-5580224B4513}
		{680B1647-795B-4C4F-B63F-58CD5E4C78B7} = {2F88C464-2D1C-4825-9A8A-D83A19014514}
		{F87E07B5-F3FC-4AE8-820F-469CDEF764BF} = {8AF76C5B-A5E0-4332-8720-5580224B4513}
		{2C1B93A7-8D1E-4EC2-B7CB-AC3375753003} = {F87E07B5-F3FC-4AE8-820F-469CDEF764BF}
		{0CA35750-DDAC-4013-8868-C8C13E86BAC8} = {F87E07B5-F3FC-4AE8-820F-469CDEF764BF}
		{C478DA9E-8D90-4C63-9B62-D7787A7336B4} = {8AF76C5B-A5E0-4332-8720-5580224B4513}
		{7E91AEB9-FB09-4D53-803B-AE93CC2664E1} = {C478DA9E-8D90-4C63-9B62-D7787A7336B4}
		{23ADA66D-73BE-4F05-89DD-52EB97AFCB8C} = {C478DA9E-8D90-4C63-9B62-D7787A7336B4}
		{EEE8BC1E-71DA-43A7-8781-84B1B586CF29} = {75E5E9C9-CA22-4715-B102-C9856AE4C3F1}
		{39AE4F3A-EC61-4AAD-83A8-E73B69AAA4A4} = {EEE8BC1E-71DA-43A7-8781-84B1B586CF29}
		{6480ED43-9971-4141-AF6F-146269A859A2} = {75E5E9C9-CA22-4715-B102-C9856AE4C3F1}
		{7896C77C-BB11-457E-9C8F-524FEC39DF23} = {6480ED43-9971-4141-AF6F-146269A859A2}
		{9229EA92-BF7E-48E6-83BD-3EFD755CDF8C} = {6480ED43-9971-4141-AF6F-146269A859A2}
		{1EEAEB82-71B4-4E4E-ADC7-AADC358DCF01} = {75E5E9C9-CA22-4715-B102-C9856AE4C3F1}
		{1D9285E7-1986-4E2D-AF0B-0C8F25E53F10} = {1EEAEB82-71B4-4E4E-ADC7-AADC358DCF01}
		{9EAA8C9B-D436-4DA6-A55C-77B5A2515C9D} = {1EEAEB82-71B4-4E4E-ADC7-AADC358DCF01}
		{8712D04B-B087-48BF-93FA-7F702F0AF2F2} = {69EEED64-FE9A-4702-BBF0-ADC0C6CF35D8}
		{34C66752-51D5-4FE0-A844-C562B99A7768} = {8712D04B-B087-48BF-93FA-7F702F0AF2F2}
	EndGlobalSection
	GlobalSection(ExtensibilityGlobals) = postSolution
		SolutionGuid = {0285494B-BFA5-42B9-B64E-9EA65311D224}
	EndGlobalSection
EndGlobal
